{
  "name": "muliacode-design-system",
  "lockfileVersion": 3,
  "requires": true,
  "packages": {
    "": {
      "name": "muliacode-design-system",
      "license": "MIT",
      "workspaces": [
        "packages/*"
      ],
      "engines": {
        "node": ">=20"
      }
    },
    "node_modules/@muliacode/tokens": {
      "resolved": "packages/tokens",
      "link": true
    },
    "node_modules/@muliacode/tokens-tailwind": {
      "resolved": "packages/tokens-tailwind",
      "link": true
    },
    "node_modules/tailwindcss": {
      "version": "4.3.3",
      "resolved": "https://registry.npmjs.org/tailwindcss/-/tailwindcss-4.3.3.tgz",
      "integrity": "sha512-gOhV3P7ufE62QDGg1zVaTgCR+EtPv92k2nIhVcVKcLmxT1sUBsQGhnZj175j+MqRt4zLF7ic+sCYjfhxMxj7YQ==",
      "license": "MIT",
      "peer": true
    },
    "packages/tokens": {
      "name": "@muliacode/tokens",
      "version": "2.1.0",
      "license": "MIT"
    },
    "packages/tokens-tailwind": {
      "name": "@muliacode/tokens-tailwind",
      "version": "2.1.0",
      "license": "MIT",
      "peerDependencies": {
        "@muliacode/tokens": "^2.0.0",
        "tailwindcss": "^4.0.0"
      }
    }
  }
}
